
Microsoft Visual Studio Solution File, Format Version 12.00
# Visual Studio 15
VisualStudioVersion = 15.0.27703.2035
MinimumVisualStudioVersion = 10.0.40219.1
Project("{FAE04EC0-301F-11D3-BF4B-00C04F79EFBC}") = "TodoList", "TodoList\TodoList.csproj", "{7932A67B-EDBA-4D75-A220-DAB9A5D1B9BD}"
EndProject
Global
	GlobalSection(SolutionConfigurationPlatforms) = preSolution
		Debug|Any CPU = Debug|Any CPU
		Release|Any CPU = Release|Any CPU
	EndGlobalSection
	GlobalSection(ProjectConfigurationPlatforms) = postSolution
		{7932A67B-EDBA-4D75-A220-DAB9A5D1B9BD}.Debug|Any CPU.ActiveCfg = Debug|Any CPU
		{7932A67B-EDBA-4D75-A220-DAB9A5D1B9BD}.Debug|Any CPU.Build.0 = Debug|Any CPU
		{7932A67B-EDBA-4D75-A220-DAB9A5D1B9BD}.Release|Any CPU.ActiveCfg = Release|Any CPU
		{7932A67B-EDBA-4D75-A220-DAB9A5D1B9BD}.Release|Any CPU.Build.0 = Release|Any CPU
	EndGlobalSection
	GlobalSection(SolutionProperties) = preSolution
		HideSolutionNode = FALSE
	EndGlobalSection
	GlobalSection(ExtensibilityGlobals) = postSolution
		SolutionGuid = {22A43045-3E2C-4C6D-AFCD-B9BC009E0BD2}
	EndGlobalSection
EndGlobal
